
Microsoft Visual Studio Solution File, Format Version 12.00
# Visual Studio Version 16
VisualStudioVersion = 16.0.31515.178
MinimumVisualStudioVersion = 10.0.40219.1
Project("{FAE04EC0-301F-11D3-BF4B-00C04F79EFBC}") = "Prilojenie3", "Prilojenie3\Prilojenie3.csproj", "{6210A403-73E1-4E3F-85DB-BE66EC2FF499}"
EndProject
Global
	GlobalSection(SolutionConfigurationPlatforms) = preSolution
		Debug|Any CPU = Debug|Any CPU
		Release|Any CPU = Release|Any CPU
	EndGlobalSection
	GlobalSection(ProjectConfigurationPlatforms) = postSolution
		{6210A403-73E1-4E3F-85DB-BE66EC2FF499}.Debug|Any CPU.ActiveCfg = Debug|Any CPU
		{6210A403-73E1-4E3F-85DB-BE66EC2FF499}.Debug|Any CPU.Build.0 = Debug|Any CPU
		{6210A403-73E1-4E3F-85DB-BE66EC2FF499}.Release|Any CPU.ActiveCfg = Release|Any CPU
		{6210A403-73E1-4E3F-85DB-BE66EC2FF499}.Release|Any CPU.Build.0 = Release|Any CPU
	EndGlobalSection
	GlobalSection(SolutionProperties) = preSolution
		HideSolutionNode = FALSE
	EndGlobalSection
	GlobalSection(ExtensibilityGlobals) = postSolution
		SolutionGuid = {9ACA5D71-FEFF-4927-8097-6806B131B706}
	EndGlobalSection
EndGlobal
